Microsoft Visual Studio Solution File, Format Version 12.00
# Visual Studio Version 17
VisualStudioVersion = 17.0.31903.59
MinimumVisualStudioVersion = 10.0.40219.1
Project("{FAE04EC0-301F-11D3-BF4B-00C04F79EFBC}") = "GlobalOptimization", "GlobalOptimization\GlobalOptimization.csproj", "{A9D74C3E-E487-45F6-9D89-5149E8A76F93}"
EndProject
Project("{FAE04EC0-301F-11D3-BF4B-00C04F79EFBC}") = "GlobalOptimization.Avalonia", "GlobalOptimization.Avalonia\GlobalOptimization.Avalonia.csproj", "{CE0A1CC5-3120-4AA4-8381-C3BA44569FC9}"
EndProject
Project("{FAE04EC0-301F-11D3-BF4B-00C04F79EFBC}") = "Analysis", "Analysis\Analysis.csproj", "{9E258118-BA63-43F7-94BE-DD8F6F1AF38C}"
EndProject
Project("{FAE04EC0-301F-11D3-BF4B-00C04F79EFBC}") = "ParameterSweep", "ParameterSweep\ParameterSweep.csproj", "{AE5201BE-EC80-4705-BB76-B80D8660736C}"
EndProject
Global
	GlobalSection(SolutionConfigurationPlatforms) = preSolution
		Debug|Any CPU = Debug|Any CPU
		Release|Any CPU = Release|Any CPU
	EndGlobalSection
	GlobalSection(ProjectConfigurationPlatforms) = postSolution
		{A9D74C3E-E487-45F6-9D89-5149E8A76F93}.Debug|Any CPU.ActiveCfg = Debug|Any CPU
		{A9D74C3E-E487-45F6-9D89-5149E8A76F93}.Debug|Any CPU.Build.0 = Debug|Any CPU
		{A9D74C3E-E487-45F6-9D89-5149E8A76F93}.Release|Any CPU.ActiveCfg = Release|Any CPU
		{A9D74C3E-E487-45F6-9D89-5149E8A76F93}.Release|Any CPU.Build.0 = Release|Any CPU
		{CE0A1CC5-3120-4AA4-8381-C3BA44569FC9}.Debug|Any CPU.ActiveCfg = Debug|Any CPU
		{CE0A1CC5-3120-4AA4-8381-C3BA44569FC9}.Debug|Any CPU.Build.0 = Debug|Any CPU
		{CE0A1CC5-3120-4AA4-8381-C3BA44569FC9}.Release|Any CPU.ActiveCfg = Release|Any CPU
		{CE0A1CC5-3120-4AA4-8381-C3BA44569FC9}.Release|Any CPU.Build.0 = Release|Any CPU
		{9E258118-BA63-43F7-94BE-DD8F6F1AF38C}.Debug|Any CPU.ActiveCfg = Debug|Any CPU
		{9E258118-BA63-43F7-94BE-DD8F6F1AF38C}.Debug|Any CPU.Build.0 = Debug|Any CPU
		{9E258118-BA63-43F7-94BE-DD8F6F1AF38C}.Release|Any CPU.ActiveCfg = Release|Any CPU
		{9E258118-BA63-43F7-94BE-DD8F6F1AF38C}.Release|Any CPU.Build.0 = Release|Any CPU
		{AE5201BE-EC80-4705-BB76-B80D8660736C}.Debug|Any CPU.ActiveCfg = Debug|Any CPU
		{AE5201BE-EC80-4705-BB76-B80D8660736C}.Debug|Any CPU.Build.0 = Debug|Any CPU
		{AE5201BE-EC80-4705-BB76-B80D8660736C}.Release|Any CPU.ActiveCfg = Release|Any CPU
		{AE5201BE-EC80-4705-BB76-B80D8660736C}.Release|Any CPU.Build.0 = Release|Any CPU
	EndGlobalSection
	GlobalSection(SolutionProperties) = preSolution
		HideSolutionNode = FALSE
	EndGlobalSection
EndGlobal
